<Solution>
  <Folder Name="/src/">
    <Project Path="src/LanPong/LanPong.csproj" />
  </Folder>
  <Folder Name="/tests/">
    <Project Path="tests/LanPong.Tests/LanPong.Tests.csproj" />
  </Folder>
  <Folder Name="/tools/">
    <Project Path="tools/LanPong.BotDiagnostics/LanPong.BotDiagnostics.csproj" />
    <Project Path="tools/LanPong.TrainingData/LanPong.TrainingData.csproj" />
  </Folder>
</Solution>
